github.com/nathangreene3/math v0.0.0-20200121045334-ad205a0cbb46 h1:hLvhHV0K5ncKlmUl8UwJ7q33bjeX94vqtI0LcjTauVA=
github.com/nathangreene3/math v0.0.0-20200121045334-ad205a0cbb46/go.mod h1:oTWc2X7f31Ko+Idqh+YCg7T0KnK3RkGx3qtP/nYFin0=
github.com/nathangreene3/math v0.0.0-20200213023511-08dfe3ef7d7e h1:EBSenHcoxM9dnhFt1+sVom4+gt7Pvz86lXfEn7gXkEI=
github.com/nathangreene3/math v0.0.0-20200213023511-08dfe3ef7d7e/go.mod h1:1dTUgx/4yOkIacCVnjpSTzewQpx6fMZmyEDw1bwGs8U=
github.com/nathangreene3/table v0.0.0-20190920025320-afc9626595eb/go.mod h1:/AKC6nWqJhoSJqVOclaDdWgJell3ezSF9AP0zET9Txs=
