github.com/nathangreene3/math v0.0.0-20190925035329-baee60882fba h1:5Ri0oOrexyYTUZT20pqIgPK1/qiaFKuRYpyB+UPqXXM=
github.com/nathangreene3/math v0.0.0-20190925035329-baee60882fba/go.mod h1:oTWc2X7f31Ko+Idqh+YCg7T0KnK3RkGx3qtP/nYFin0=
github.com/nathangreene3/table v0.0.0-20190920025320-afc9626595eb/go.mod h1:/AKC6nWqJhoSJqVOclaDdWgJell3ezSF9AP0zET9Txs=
